
Microsoft Visual Studio Solution File, Format Version 12.00
# Visual Studio Version 17
VisualStudioVersion = 17.3.32825.248
MinimumVisualStudioVersion = 10.0.40219.1
Project("{FAE04EC0-301F-11D3-BF4B-00C04F79EFBC}") = "Utazasok", "Utazasok\Utazasok.csproj", "{FEE4352A-F4CC-41FB-B1C7-EA1192533DCF}"
EndProject
Global
	GlobalSection(SolutionConfigurationPlatforms) = preSolution
		Debug|Any CPU = Debug|Any CPU
		Release|Any CPU = Release|Any CPU
	EndGlobalSection
	GlobalSection(ProjectConfigurationPlatforms) = postSolution
		{FEE4352A-F4CC-41FB-B1C7-EA1192533DCF}.Debug|Any CPU.ActiveCfg = Debug|Any CPU
		{FEE4352A-F4CC-41FB-B1C7-EA1192533DCF}.Debug|Any CPU.Build.0 = Debug|Any CPU
		{FEE4352A-F4CC-41FB-B1C7-EA1192533DCF}.Release|Any CPU.ActiveCfg = Release|Any CPU
		{FEE4352A-F4CC-41FB-B1C7-EA1192533DCF}.Release|Any CPU.Build.0 = Release|Any CPU
	EndGlobalSection
	GlobalSection(SolutionProperties) = preSolution
		HideSolutionNode = FALSE
	EndGlobalSection
	GlobalSection(ExtensibilityGlobals) = postSolution
		SolutionGuid = {512D4EC9-6D9A-41F6-8424-A937CE85F39A}
	EndGlobalSection
EndGlobal
